# This file is automatically @generated by Poetry 1.8.5 and should not be changed by hand.

[[package]]
name = "colorama"
version = "0.4.6"
description = "Cross-platform colored terminal text."
optional = false
python-versions = "!=3.0.*,!=3.1.*,!=3.2.*,!=3.3.*,!=3.4.*,!=3.5.*,!=3.6.*,>=2.7"
files = [
    {file = "colorama-0.4.6-py2.py3-none-any.whl", hash = "sha256:4f1d9991f5acc0ca119f9d443620b77f9d6b33703e51011c16baf57afb285fc6"},
    {file = "colorama-0.4.6.tar.gz", hash = "sha256:08695f5cb7ed6e0531a20572697297273c47b8cae5a63ffc6d6ed5c201be6e44"},
]

[[package]]
name = "cs150241project-networking"
version = "0.4.1"
description = ""
optional = false
python-versions = "^3.10"
files = []
develop = false

[package.dependencies]
websockets = "^14.1"

[package.source]
type = "git"
url = "https://github.com/UPD-CS150-241/cs150241project_networking"
reference = "HEAD"
resolved_reference = "c41bfd3a33e13b5b020fc6b04ba3e27a2865ff09"

[[package]]
name = "iniconfig"
version = "2.0.0"
description = "brain-dead simple config-ini parsing"
optional = false
python-versions = ">=3.7"
files = [
    {file = "iniconfig-2.0.0-py3-none-any.whl", hash = "sha256:b6a85871a79d2e3b22d2d1b94ac2824226a63c6b741c88f7ae975f18b6778374"},
    {file = "iniconfig-2.0.0.tar.gz", hash = "sha256:2d91e135bf72d31a410b17c16da610a82cb55f6b0477d1a902134b24a455b8b3"},
]

[[package]]
name = "packaging"
version = "24.2"
description = "Core utilities for Python packages"
optional = false
python-versions = ">=3.8"
files = [
    {file = "packaging-24.2-py3-none-any.whl", hash = "sha256:09abb1bccd265c01f4a3aa3f7a7db064b36514d2cba19a2f694fe6150451a759"},
    {file = "packaging-24.2.tar.gz", hash = "sha256:c228a6dc5e932d346bc5739379109d49e8853dd8223571c7c5b55260edc0b97f"},
]

[[package]]
name = "pluggy"
version = "1.5.0"
description = "plugin and hook calling mechanisms for python"
optional = false
python-versions = ">=3.8"
files = [
    {file = "pluggy-1.5.0-py3-none-any.whl", hash = "sha256:44e1ad92c8ca002de6377e165f3e0f1be63266ab4d554740532335b9d75ea669"},
    {file = "pluggy-1.5.0.tar.gz", hash = "sha256:2cffa88e94fdc978c4c574f15f9e59b7f4201d439195c3715ca9e2486f1d0cf1"},
]

[package.extras]
dev = ["pre-commit", "tox"]
testing = ["pytest", "pytest-benchmark"]

[[package]]
name = "pygame-ce"
version = "2.5.2"
description = "Python Game Development"
optional = false
python-versions = ">=3.8"
files = [
    {file = "pygame_ce-2.5.2-cp310-cp310-macosx_10_11_x86_64.whl", hash = "sha256:bf29ca5ebd6698b4e5ee4083b8afe845a2ff40418e3b2ba1a8010643135af593"},
    {file = "pygame_ce-2.5.2-cp310-cp310-macosx_11_0_arm64.whl", hash = "sha256:19887be5d3923c05cf9efa8ecaee562faffcbd98aaeab7e0f8d7e441b83aa966"},
    {file = "pygame_ce-2.5.2-cp310-cp310-manylinux_2_17_aarch64.manylinux2014_aarch64.whl", hash = "sha256:7cfabd660cd83593d194f6d34efaf5187ab9697e8f5ece9c0f6a6d37d5b93318"},
    {file = "pygame_ce-2.5.2-cp310-cp310-manylinux_2_17_i686.manylinux2014_i686.whl", hash = "sha256:ef6035c2675f4913b2ba9a4ca76164c2d3c761d1b0dd50766272f54b570b00ee"},
    {file = "pygame_ce-2.5.2-cp310-cp310-manylinux_2_17_x86_64.manylinux2014_x86_64.whl", hash = "sha256:b2ed215d347891cfa23ef381c3894a1347e87bf1a0c9ed82d2e83395861c571a"},
    {file = "pygame_ce-2.5.2-cp310-cp310-win32.whl", hash = "sha256:49564c79eaceb8ea229c595e784674aaca0e5811c40a064d1369cc9635f2c006"},
    {file = "pygame_ce-2.5.2-cp310-cp310-win_amd64.whl", hash = "sha256:ea2205837c5c3b0156cbb263420520834b735bd90a3e0c377b4ed92791261a1c"},
    {file = "pygame_ce-2.5.2-cp311-cp311-macosx_10_11_x86_64.whl", hash = "sha256:20ea7c6fc886c1108fc9c47716021d4660b319a3a4d109e9d06f3eb27bbfb5de"},
    {file = "pygame_ce-2.5.2-cp311-cp311-macosx_11_0_arm64.whl", hash = "sha256:e6fea89761e949e8b8bee79ca954bea764e10f384959745517c4e402d594c189"},
    {file = "pygame_ce-2.5.2-cp311-cp311-manylinux_2_17_aarch64.manylinux2014_aarch64.whl", hash = "sha256:587e03603186daa559d54be1c7afc04391d8bd51ff5796b46bf92867978165d8"},
    {file = "pygame_ce-2.5.2-cp311-cp311-manylinux_2_17_i686.manylinux2014_i686.whl", hash = "sha256:bcc84939f9ef9d005eff442ac2442e469e3c34c88b57ade3e900ce0a323817f4"},
    {file = "pygame_ce-2.5.2-cp311-cp311-manylinux_2_17_x86_64.manylinux2014_x86_64.whl", hash = "sha256:bfce51fddef01b68853fb8c043e03116d129b4b11decba8568324aaea220fdd9"},
    {file = "pygame_ce-2.5.2-cp311-cp311-win32.whl", hash = "sha256:e802cfd1b9c0c4ebf3b958ea57d9ca2880295473198271cbceab00a79bdc96f8"},
    {file = "pygame_ce-2.5.2-cp311-cp311-win_amd64.whl", hash = "sha256:cf4eaefeefde51f06e24b8055ab7e8b5dae8a3ba0f136137b61e1f5880a848df"},
    {file = "pygame_ce-2.5.2-cp312-cp312-macosx_10_13_x86_64.whl", hash = "sha256:f69de2c294daba34c95ef11446ee605fd4e6599068810660811fb96e08c7f123"},
    {file = "pygame_ce-2.5.2-cp312-cp312-macosx_11_0_arm64.whl", hash = "sha256:fae0032ab06e44ccc94fd835e32df7130d31876e28a067923eccebdf41906c33"},
    {file = "pygame_ce-2.5.2-cp312-cp312-manylinux_2_17_aarch64.manylinux2014_aarch64.whl", hash = "sha256:e97479753f303e481d210f44d2df48d81cb86da5b6becbfca520f674e345b30a"},
    {file = "pygame_ce-2.5.2-cp312-cp312-manylinux_2_17_i686.manylinux2014_i686.whl", hash = "sha256:ba25e1d9be0a0dcf00784732e34f275f94f1c8fe6e37eef91cbd955eb20addfb"},
    {file = "pygame_ce-2.5.2-cp312-cp312-manylinux_2_17_x86_64.manylinux2014_x86_64.whl", hash = "sha256:e457343c1916c8e9655263d692150edee237b6041ec61758338294d6b3db9e85"},
    {file = "pygame_ce-2.5.2-cp312-cp312-win32.whl", hash = "sha256:abf0acb93f906f464f3e2bccbe61210ce4346a60b2e9bc8d5c1c7a400b28df7f"},
    {file = "pygame_ce-2.5.2-cp312-cp312-win_amd64.whl", hash = "sha256:0c1c728e7060eca42cdf1bf8b018055d47b3e18d44cdb7dbe1ef7df768513dde"},
    {file = "pygame_ce-2.5.2-cp313-cp313-macosx_10_13_x86_64.whl", hash = "sha256:291d9cd568bcc47254ac1d1366f99800c8e68fcbdf57ccd40841cfd1abdaa037"},
    {file = "pygame_ce-2.5.2-cp313-cp313-macosx_11_0_arm64.whl", hash = "sha256:7ee3cec06545e544974e7b75546bf0290db634af3c8a264faa7f18bc1a0ffa77"},
    {file = "pygame_ce-2.5.2-cp313-cp313-manylinux_2_17_aarch64.manylinux2014_aarch64.whl", hash = "sha256:f788aefb76bed53623ba33659182bacc5ad1670004b124c0a9285b65acd39da9"},
    {file = "pygame_ce-2.5.2-cp313-cp313-manylinux_2_17_i686.manylinux2014_i686.whl", hash = "sha256:fdea50f9904fb5f52957c2216966b3315424ab45a1a89157cd194ede93c95f71"},
    {file = "pygame_ce-2.5.2-cp313-cp313-manylinux_2_17_x86_64.manylinux2014_x86_64.whl", hash = "sha256:da60f03332984c14561f5773dea0ce06a8ca2a132922870ea2c03097078042f4"},
    {file = "pygame_ce-2.5.2-cp313-cp313-win32.whl", hash = "sha256:b4b21c676288afbf64cfefaa729d67de5500115e6c5e1d2aa251bcfc06dce725"},
    {file = "pygame_ce-2.5.2-cp313-cp313-win_amd64.whl", hash = "sha256:bc503d5a710663d51b5c1405492bd29770e53fc69451747b0b9bb4f3a21161ff"},
    {file = "pygame_ce-2.5.2-cp38-cp38-macosx_10_11_x86_64.whl", hash = "sha256:c8b5230d07a74356b84de00dd33fbd2643131a764f858c1729ca4ed9ac918522"},
    {file = "pygame_ce-2.5.2-cp38-cp38-macosx_11_0_arm64.whl", hash = "sha256:2c22829e61a5b0554120cc49e7b32f7d2c5d8f136d51d371f5f76de8f1909822"},
    {file = "pygame_ce-2.5.2-cp38-cp38-manylinux_2_17_aarch64.manylinux2014_aarch64.whl", hash = "sha256:23a75adeb896edf1d3b7b4de4b37bddbf910307b8787a7691c90c01a28b0dbf9"},
    {file = "pygame_ce-2.5.2-cp38-cp38-manylinux_2_17_i686.manylinux2014_i686.whl", hash = "sha256:e2c39e67a5b68200455d58528bf22934400e2f6b371419a2ff61f585a37a504a"},
    {file = "pygame_ce-2.5.2-cp38-cp38-manylinux_2_17_x86_64.manylinux2014_x86_64.whl", hash = "sha256:45b262949ee669f86455a3ec2ea57e4c9786046ce9bf7828719741683c6ef23b"},
    {file = "pygame_ce-2.5.2-cp38-cp38-win32.whl", hash = "sha256:edd57ebeb70fac8c4a995a6ed849490fcc76ffe92701f1fe72ea75215a435258"},
    {file = "pygame_ce-2.5.2-cp38-cp38-win_amd64.whl", hash = "sha256:c919601f614d45c69b1cbd79820d13bcac5397bd266f67e96dcbdec2f60ddfcd"},
    {file = "pygame_ce-2.5.2-cp39-cp39-macosx_10_11_x86_64.whl", hash = "sha256:c3e1cbc106705a255f0bfd36cea2c9ef0e61c4ea2de43b065b8104b682578508"},
    {file = "pygame_ce-2.5.2-cp39-cp39-macosx_11_0_arm64.whl", hash = "sha256:676ef3c87b6c073d016a8a728869b0b875f17ac9db2227dc2dcd6a92440d25b7"},
    {file = "pygame_ce-2.5.2-cp39-cp39-manylinux_2_17_aarch64.manylinux2014_aarch64.whl", hash = "sha256:60f7013954e722e4b74b44cd35e958d42b7f96cb89b922d585c1c5b4523501a0"},
    {file = "pygame_ce-2.5.2-cp39-cp39-manylinux_2_17_i686.manylinux2014_i686.whl", hash = "sha256:42228780fd4a9a04309b4f748766efc4b81a1e17a31983bb2a73d9cb9dff30e5"},
    {file = "pygame_ce-2.5.2-cp39-cp39-manylinux_2_17_x86_64.manylinux2014_x86_64.whl", hash = "sha256:6e8318bed014ee08c4661ab1dc2c5c95bf5ac51ea10c4db2bba8b6780283cb0a"},
    {file = "pygame_ce-2.5.2-cp39-cp39-win32.whl", hash = "sha256:112a297ed53ba7a5460ffb692ce004dec0fe7ca8d67f3fee7ccb44ea46dda556"},
    {file = "pygame_ce-2.5.2-cp39-cp39-win_amd64.whl", hash = "sha256:ff43ab25f8956adcaf6e17163e791fb04f31d60618b95ae279e61d1ecd0ff1a4"},
    {file = "pygame_ce-2.5.2-pp310-pypy310_pp73-macosx_10_15_x86_64.whl", hash = "sha256:3cbd53611763ac2c18fa0870ec5897e2532866b05f5e38835eb5d54676c21a9a"},
    {file = "pygame_ce-2.5.2-pp310-pypy310_pp73-macosx_11_0_arm64.whl", hash = "sha256:f6d393f5ab0b0a1a1706c62d19a345fa7de5a49c1a925d78b72b7ba00ff79122"},
    {file = "pygame_ce-2.5.2-pp310-pypy310_pp73-manylinux_2_17_aarch64.manylinux2014_aarch64.whl", hash = "sha256:8ad453b2a93004c169a5ca5990132a49626c2cd40fb61c5e268e46f7f3c32eb1"},
    {file = "pygame_ce-2.5.2-pp310-pypy310_pp73-manylinux_2_17_i686.manylinux2014_i686.whl", hash = "sha256:aa92c6cea0581ff1b15900c445a7c514f99c748e564c6b2de9d55ba697b58867"},
    {file = "pygame_ce-2.5.2-pp310-pypy310_pp73-manylinux_2_17_x86_64.manylinux2014_x86_64.whl", hash = "sha256:18287dce6b56681b31f7ac4287a39c8b47c5ffea5f7c9b056781da268497fa61"},
    {file = "pygame_ce-2.5.2-pp310-pypy310_pp73-win_amd64.whl", hash = "sha256:33d12ccdf0cf6267206940edd19c9cbc540356c02dbb418393cdf1287306a1cd"},
    {file = "pygame_ce-2.5.2-pp38-pypy38_pp73-macosx_10_11_x86_64.whl", hash = "sha256:b6d446927ff3e77306dee1325ff3d177d28a0069a8f1ceb396b1d5fe140fd85a"},
    {file = "pygame_ce-2.5.2-pp38-pypy38_pp73-macosx_11_0_arm64.whl", hash = "sha256:d70d0ca13a939cf063f9c11e6f18a07ee6a0a5197a93b9da1b2895afb134bca9"},
    {file = "pygame_ce-2.5.2-pp38-pypy38_pp73-manylinux_2_17_aarch64.manylinux2014_aarch64.whl", hash = "sha256:a35199885030c8d41b74611d06fe16bf1f43342c3c155bab2898b507936ea8ec"},
    {file = "pygame_ce-2.5.2-pp38-pypy38_pp73-manylinux_2_17_i686.manylinux2014_i686.whl", hash = "sha256:a222e093bddc471254d898d84ce88a085e7bb761c5b194f28b0a0c13bb6bd206"},
    {file = "pygame_ce-2.5.2-pp38-pypy38_pp73-manylinux_2_17_x86_64.manylinux2014_x86_64.whl", hash = "sha256:a5050b33bfdb488d129c94d18528846c1f7ffc5fa8f08ddcd47f43e77c71f4ae"},
    {file = "pygame_ce-2.5.2-pp38-pypy38_pp73-win_amd64.whl", hash = "sha256:a12d3242098f87a2f7ad591ac93e4f82bdd6039648af28fecdf9d32d137e4e9f"},
    {file = "pygame_ce-2.5.2-pp39-pypy39_pp73-macosx_10_15_x86_64.whl", hash = "sha256:59a0eb48fd526a5b5e2d52fa180a3928495cbf8248752b0921e3d8d65b17ccaf"},
    {file = "pygame_ce-2.5.2-pp39-pypy39_pp73-macosx_11_0_arm64.whl", hash = "sha256:1c05036b5a02e9ea714ec0ae24c6d0f70e5ba067459b4cd9508d97de22204db1"},
    {file = "pygame_ce-2.5.2-pp39-pypy39_pp73-manylinux_2_17_aarch64.manylinux2014_aarch64.whl", hash = "sha256:ea3d4e74835554bba08ea44ac14b707e02574327e3e6d71b8ac176f6234cd952"},
    {file = "pygame_ce-2.5.2-pp39-pypy39_pp73-manylinux_2_17_i686.manylinux2014_i686.whl", hash = "sha256:ca802987b9b4471dbe7319241a92a95f77701d31147924f7601cf1b0aec48374"},
    {file = "pygame_ce-2.5.2-pp39-pypy39_pp73-manylinux_2_17_x86_64.manylinux2014_x86_64.whl", hash = "sha256:efd40a2fa86c48f3fd63f5a37c809d063c39b449872beb9b36a818be6d1d1a6c"},
    {file = "pygame_ce-2.5.2-pp39-pypy39_pp73-win_amd64.whl", hash = "sha256:7a132f48403d2622ebd9d6365d75b3f756b436db0887b62c2c524f79fc0cc749"},
    {file = "pygame_ce-2.5.2.tar.gz", hash = "sha256:4c6729df05d013bb8f1ab50165506f1649077cc632d16167d5c493c69673cad9"},
]

[[package]]
name = "pytest"
version = "8.3.4"
description = "pytest: simple powerful testing with Python"
optional = false
python-versions = ">=3.8"
files = [
    {file = "pytest-8.3.4-py3-none-any.whl", hash = "sha256:50e16d954148559c9a74109af1eaf0c945ba2d8f30f0a3d3335edde19788b6f6"},
    {file = "pytest-8.3.4.tar.gz", hash = "sha256:965370d062bce11e73868e0335abac31b4d3de0e82f4007408d242b4f8610761"},
]

[package.dependencies]
colorama = {version = "*", markers = "sys_platform == \"win32\""}
iniconfig = "*"
packaging = "*"
pluggy = ">=1.5,<2"

[package.extras]
dev = ["argcomplete", "attrs (>=19.2)", "hypothesis (>=3.56)", "mock", "pygments (>=2.7.2)", "requests", "setuptools", "xmlschema"]

[[package]]
name = "ruff"
version = "0.8.4"
description = "An extremely fast Python linter and code formatter, written in Rust."
optional = false
python-versions = ">=3.7"
files = [
    {file = "ruff-0.8.4-py3-none-linux_armv6l.whl", hash = "sha256:58072f0c06080276804c6a4e21a9045a706584a958e644353603d36ca1eb8a60"},
    {file = "ruff-0.8.4-py3-none-macosx_10_12_x86_64.whl", hash = "sha256:ffb60904651c00a1e0b8df594591770018a0f04587f7deeb3838344fe3adabac"},
    {file = "ruff-0.8.4-py3-none-macosx_11_0_arm64.whl", hash = "sha256:6ddf5d654ac0d44389f6bf05cee4caeefc3132a64b58ea46738111d687352296"},
    {file = "ruff-0.8.4-py3-none-manylinux_2_17_aarch64.manylinux2014_aarch64.whl", hash = "sha256:e248b1f0fa2749edd3350a2a342b67b43a2627434c059a063418e3d375cfe643"},
    {file = "ruff-0.8.4-py3-none-manylinux_2_17_armv7l.manylinux2014_armv7l.whl", hash = "sha256:bf197b98ed86e417412ee3b6c893f44c8864f816451441483253d5ff22c0e81e"},
    {file = "ruff-0.8.4-py3-none-manylinux_2_17_i686.manylinux2014_i686.whl", hash = "sha256:c41319b85faa3aadd4d30cb1cffdd9ac6b89704ff79f7664b853785b48eccdf3"},
    {file = "ruff-0.8.4-py3-none-manylinux_2_17_ppc64.manylinux2014_ppc64.whl", hash = "sha256:9f8402b7c4f96463f135e936d9ab77b65711fcd5d72e5d67597b543bbb43cf3f"},
    {file = "ruff-0.8.4-py3-none-manylinux_2_17_ppc64le.manylinux2014_ppc64le.whl", hash = "sha256:e4e56b3baa9c23d324ead112a4fdf20db9a3f8f29eeabff1355114dd96014604"},
    {file = "ruff-0.8.4-py3-none-manylinux_2_17_s390x.manylinux2014_s390x.whl", hash = "sha256:736272574e97157f7edbbb43b1d046125fce9e7d8d583d5d65d0c9bf2c15addf"},
    {file = "ruff-0.8.4-py3-none-manylinux_2_17_x86_64.manylinux2014_x86_64.whl", hash = "sha256:e5fe710ab6061592521f902fca7ebcb9fabd27bc7c57c764298b1c1f15fff720"},
    {file = "ruff-0.8.4-py3-none-musllinux_1_2_aarch64.whl", hash = "sha256:13e9ec6d6b55f6da412d59953d65d66e760d583dd3c1c72bf1f26435b5bfdbae"},
    {file = "ruff-0.8.4-py3-none-musllinux_1_2_armv7l.whl", hash = "sha256:97d9aefef725348ad77d6db98b726cfdb075a40b936c7984088804dfd38268a7"},
    {file = "ruff-0.8.4-py3-none-musllinux_1_2_i686.whl", hash = "sha256:ab78e33325a6f5374e04c2ab924a3367d69a0da36f8c9cb6b894a62017506111"},
    {file = "ruff-0.8.4-py3-none-musllinux_1_2_x86_64.whl", hash = "sha256:8ef06f66f4a05c3ddbc9121a8b0cecccd92c5bf3dd43b5472ffe40b8ca10f0f8"},
    {file = "ruff-0.8.4-py3-none-win32.whl", hash = "sha256:552fb6d861320958ca5e15f28b20a3d071aa83b93caee33a87b471f99a6c0835"},
    {file = "ruff-0.8.4-py3-none-win_amd64.whl", hash = "sha256:f21a1143776f8656d7f364bd264a9d60f01b7f52243fbe90e7670c0dfe0cf65d"},
    {file = "ruff-0.8.4-py3-none-win_arm64.whl", hash = "sha256:9183dd615d8df50defa8b1d9a074053891ba39025cf5ae88e8bcb52edcc4bf08"},
    {file = "ruff-0.8.4.tar.gz", hash = "sha256:0d5f89f254836799af1615798caa5f80b7f935d7a670fad66c5007928e57ace8"},
]

[[package]]
name = "websockets"
version = "14.1"
description = "An implementation of the WebSocket Protocol (RFC 6455 & 7692)"
optional = false
python-versions = ">=3.9"
files = [
    {file = "websockets-14.1-cp310-cp310-macosx_10_9_universal2.whl", hash = "sha256:a0adf84bc2e7c86e8a202537b4fd50e6f7f0e4a6b6bf64d7ccb96c4cd3330b29"},
    {file = "websockets-14.1-cp310-cp310-macosx_10_9_x86_64.whl", hash = "sha256:90b5d9dfbb6d07a84ed3e696012610b6da074d97453bd01e0e30744b472c8179"},
    {file = "websockets-14.1-cp310-cp310-macosx_11_0_arm64.whl", hash = "sha256:2177ee3901075167f01c5e335a6685e71b162a54a89a56001f1c3e9e3d2ad250"},
    {file = "websockets-14.1-cp310-cp310-manylinux_2_17_aarch64.manylinux2014_aarch64.whl", hash = "sha256:3f14a96a0034a27f9d47fd9788913924c89612225878f8078bb9d55f859272b0"},
    {file = "websockets-14.1-cp310-cp310-manylinux_2_5_i686.manylinux1_i686.manylinux_2_17_i686.manylinux2014_i686.whl", hash = "sha256:1f874ba705deea77bcf64a9da42c1f5fc2466d8f14daf410bc7d4ceae0a9fcb0"},
    {file = "websockets-14.1-cp310-cp310-manylinux_2_5_x86_64.manylinux1_x86_64.manylinux_2_17_x86_64.manylinux2014_x86_64.whl", hash = "sha256:9607b9a442392e690a57909c362811184ea429585a71061cd5d3c2b98065c199"},
    {file = "websockets-14.1-cp310-cp310-musllinux_1_2_aarch64.whl", hash = "sha256:bea45f19b7ca000380fbd4e02552be86343080120d074b87f25593ce1700ad58"},
    {file = "websockets-14.1-cp310-cp310-musllinux_1_2_i686.whl", hash = "sha256:219c8187b3ceeadbf2afcf0f25a4918d02da7b944d703b97d12fb01510869078"},
    {file = "websockets-14.1-cp310-cp310-musllinux_1_2_x86_64.whl", hash = "sha256:ad2ab2547761d79926effe63de21479dfaf29834c50f98c4bf5b5480b5838434"},
    {file = "websockets-14.1-cp310-cp310-win32.whl", hash = "sha256:1288369a6a84e81b90da5dbed48610cd7e5d60af62df9851ed1d1d23a9069f10"},
    {file = "websockets-14.1-cp310-cp310-win_amd64.whl", hash = "sha256:e0744623852f1497d825a49a99bfbec9bea4f3f946df6eb9d8a2f0c37a2fec2e"},
    {file = "websockets-14.1-cp311-cp311-macosx_10_9_universal2.whl", hash = "sha256:449d77d636f8d9c17952628cc7e3b8faf6e92a17ec581ec0c0256300717e1512"},
    {file = "websockets-14.1-cp311-cp311-macosx_10_9_x86_64.whl", hash = "sha256:a35f704be14768cea9790d921c2c1cc4fc52700410b1c10948511039be824aac"},
    {file = "websockets-14.1-cp311-cp311-macosx_11_0_arm64.whl", hash = "sha256:b1f3628a0510bd58968c0f60447e7a692933589b791a6b572fcef374053ca280"},
    {file = "websockets-14.1-cp311-cp311-manylinux_2_17_aarch64.manylinux2014_aarch64.whl", hash = "sha256:3c3deac3748ec73ef24fc7be0b68220d14d47d6647d2f85b2771cb35ea847aa1"},
    {file = "websockets-14.1-cp311-cp311-manylinux_2_5_i686.manylinux1_i686.manylinux_2_17_i686.manylinux2014_i686.whl", hash = "sha256:7048eb4415d46368ef29d32133134c513f507fff7d953c18c91104738a68c3b3"},
    {file = "websockets-14.1-cp311-cp311-manylinux_2_5_x86_64.manylinux1_x86_64.manylinux_2_17_x86_64.manylinux2014_x86_64.whl", hash = "sha256:f6cf0ad281c979306a6a34242b371e90e891bce504509fb6bb5246bbbf31e7b6"},
    {file = "websockets-14.1-cp311-cp311-musllinux_1_2_aarch64.whl", hash = "sha256:cc1fc87428c1d18b643479caa7b15db7d544652e5bf610513d4a3478dbe823d0"},
    {file = "websockets-14.1-cp311-cp311-musllinux_1_2_i686.whl", hash = "sha256:f95ba34d71e2fa0c5d225bde3b3bdb152e957150100e75c86bc7f3964c450d89"},
    {file = "websockets-14.1-cp311-cp311-musllinux_1_2_x86_64.whl", hash = "sha256:9481a6de29105d73cf4515f2bef8eb71e17ac184c19d0b9918a3701c6c9c4f23"},
    {file = "websockets-14.1-cp311-cp311-win32.whl", hash = "sha256:368a05465f49c5949e27afd6fbe0a77ce53082185bbb2ac096a3a8afaf4de52e"},
    {file = "websockets-14.1-cp311-cp311-win_amd64.whl", hash = "sha256:6d24fc337fc055c9e83414c94e1ee0dee902a486d19d2a7f0929e49d7d604b09"},
    {file = "websockets-14.1-cp312-cp312-macosx_10_13_universal2.whl", hash = "sha256:ed907449fe5e021933e46a3e65d651f641975a768d0649fee59f10c2985529ed"},
    {file = "websockets-14.1-cp312-cp312-macosx_10_13_x86_64.whl", hash = "sha256:87e31011b5c14a33b29f17eb48932e63e1dcd3fa31d72209848652310d3d1f0d"},
    {file = "websockets-14.1-cp312-cp312-macosx_11_0_arm64.whl", hash = "sha256:bc6ccf7d54c02ae47a48ddf9414c54d48af9c01076a2e1023e3b486b6e72c707"},
    {file = "websockets-14.1-cp312-cp312-manylinux_2_17_aarch64.manylinux2014_aarch64.whl", hash = "sha256:9777564c0a72a1d457f0848977a1cbe15cfa75fa2f67ce267441e465717dcf1a"},
    {file = "websockets-14.1-cp312-cp312-manylinux_2_5_i686.manylinux1_i686.manylinux_2_17_i686.manylinux2014_i686.whl", hash = "sha256:a655bde548ca98f55b43711b0ceefd2a88a71af6350b0c168aa77562104f3f45"},
    {file = "websockets-14.1-cp312-cp312-manylinux_2_5_x86_64.manylinux1_x86_64.manylinux_2_17_x86_64.manylinux2014_x86_64.whl", hash = "sha256:a3dfff83ca578cada2d19e665e9c8368e1598d4e787422a460ec70e531dbdd58"},
    {file = "websockets-14.1-cp312-cp312-musllinux_1_2_aarch64.whl", hash = "sha256:6a6c9bcf7cdc0fd41cc7b7944447982e8acfd9f0d560ea6d6845428ed0562058"},
    {file = "websockets-14.1-cp312-cp312-musllinux_1_2_i686.whl", hash = "sha256:4b6caec8576e760f2c7dd878ba817653144d5f369200b6ddf9771d64385b84d4"},
    {file = "websockets-14.1-cp312-cp312-musllinux_1_2_x86_64.whl", hash = "sha256:eb6d38971c800ff02e4a6afd791bbe3b923a9a57ca9aeab7314c21c84bf9ff05"},
    {file = "websockets-14.1-cp312-cp312-win32.whl", hash = "sha256:1d045cbe1358d76b24d5e20e7b1878efe578d9897a25c24e6006eef788c0fdf0"},
    {file = "websockets-14.1-cp312-cp312-win_amd64.whl", hash = "sha256:90f4c7a069c733d95c308380aae314f2cb45bd8a904fb03eb36d1a4983a4993f"},
    {file = "websockets-14.1-cp313-cp313-macosx_10_13_universal2.whl", hash = "sha256:3630b670d5057cd9e08b9c4dab6493670e8e762a24c2c94ef312783870736ab9"},
    {file = "websockets-14.1-cp313-cp313-macosx_10_13_x86_64.whl", hash = "sha256:36ebd71db3b89e1f7b1a5deaa341a654852c3518ea7a8ddfdf69cc66acc2db1b"},
    {file = "websockets-14.1-cp313-cp313-macosx_11_0_arm64.whl", hash = "sha256:5b918d288958dc3fa1c5a0b9aa3256cb2b2b84c54407f4813c45d52267600cd3"},
    {file = "websockets-14.1-cp313-cp313-manylinux_2_17_aarch64.manylinux2014_aarch64.whl", hash = "sha256:00fe5da3f037041da1ee0cf8e308374e236883f9842c7c465aa65098b1c9af59"},
    {file = "websockets-14.1-cp313-cp313-manylinux_2_5_i686.manylinux1_i686.manylinux_2_17_i686.manylinux2014_i686.whl", hash = "sha256:8149a0f5a72ca36720981418eeffeb5c2729ea55fa179091c81a0910a114a5d2"},
    {file = "websockets-14.1-cp313-cp313-manylinux_2_5_x86_64.manylinux1_x86_64.manylinux_2_17_x86_64.manylinux2014_x86_64.whl", hash = "sha256:77569d19a13015e840b81550922056acabc25e3f52782625bc6843cfa034e1da"},
    {file = "websockets-14.1-cp313-cp313-musllinux_1_2_aarch64.whl", hash = "sha256:cf5201a04550136ef870aa60ad3d29d2a59e452a7f96b94193bee6d73b8ad9a9"},
    {file = "websockets-14.1-cp313-cp313-musllinux_1_2_i686.whl", hash = "sha256:88cf9163ef674b5be5736a584c999e98daf3aabac6e536e43286eb74c126b9c7"},
    {file = "websockets-14.1-cp313-cp313-musllinux_1_2_x86_64.whl", hash = "sha256:836bef7ae338a072e9d1863502026f01b14027250a4545672673057997d5c05a"},
    {file = "websockets-14.1-cp313-cp313-win32.whl", hash = "sha256:0d4290d559d68288da9f444089fd82490c8d2744309113fc26e2da6e48b65da6"},
    {file = "websockets-14.1-cp313-cp313-win_amd64.whl", hash = "sha256:8621a07991add373c3c5c2cf89e1d277e49dc82ed72c75e3afc74bd0acc446f0"},
    {file = "websockets-14.1-cp39-cp39-macosx_10_9_universal2.whl", hash = "sha256:01bb2d4f0a6d04538d3c5dfd27c0643269656c28045a53439cbf1c004f90897a"},
    {file = "websockets-14.1-cp39-cp39-macosx_10_9_x86_64.whl", hash = "sha256:414ffe86f4d6f434a8c3b7913655a1a5383b617f9bf38720e7c0799fac3ab1c6"},
    {file = "websockets-14.1-cp39-cp39-macosx_11_0_arm64.whl", hash = "sha256:8fda642151d5affdee8a430bd85496f2e2517be3a2b9d2484d633d5712b15c56"},
    {file = "websockets-14.1-cp39-cp39-manylinux_2_17_aarch64.manylinux2014_aarch64.whl", hash = "sha256:cd7c11968bc3860d5c78577f0dbc535257ccec41750675d58d8dc66aa47fe52c"},
    {file = "websockets-14.1-cp39-cp39-manylinux_2_5_i686.manylinux1_i686.manylinux_2_17_i686.manylinux2014_i686.whl", hash = "sha256:a032855dc7db987dff813583d04f4950d14326665d7e714d584560b140ae6b8b"},
    {file = "websockets-14.1-cp39-cp39-manylinux_2_5_x86_64.manylinux1_x86_64.manylinux_2_17_x86_64.manylinux2014_x86_64.whl", hash = "sha256:b7e7ea2f782408c32d86b87a0d2c1fd8871b0399dd762364c731d86c86069a78"},
    {file = "websockets-14.1-cp39-cp39-musllinux_1_2_aarch64.whl", hash = "sha256:39450e6215f7d9f6f7bc2a6da21d79374729f5d052333da4d5825af8a97e6735"},
    {file = "websockets-14.1-cp39-cp39-musllinux_1_2_i686.whl", hash = "sha256:ceada5be22fa5a5a4cdeec74e761c2ee7db287208f54c718f2df4b7e200b8d4a"},
    {file = "websockets-14.1-cp39-cp39-musllinux_1_2_x86_64.whl", hash = "sha256:3fc753451d471cff90b8f467a1fc0ae64031cf2d81b7b34e1811b7e2691bc4bc"},
    {file = "websockets-14.1-cp39-cp39-win32.whl", hash = "sha256:14839f54786987ccd9d03ed7f334baec0f02272e7ec4f6e9d427ff584aeea8b4"},
    {file = "websockets-14.1-cp39-cp39-win_amd64.whl", hash = "sha256:d9fd19ecc3a4d5ae82ddbfb30962cf6d874ff943e56e0c81f5169be2fda62979"},
    {file = "websockets-14.1-pp310-pypy310_pp73-macosx_10_15_x86_64.whl", hash = "sha256:e5dc25a9dbd1a7f61eca4b7cb04e74ae4b963d658f9e4f9aad9cd00b688692c8"},
    {file = "websockets-14.1-pp310-pypy310_pp73-macosx_11_0_arm64.whl", hash = "sha256:04a97aca96ca2acedf0d1f332c861c5a4486fdcba7bcef35873820f940c4231e"},
    {file = "websockets-14.1-pp310-pypy310_pp73-manylinux_2_17_aarch64.manylinux2014_aarch64.whl", hash = "sha256:df174ece723b228d3e8734a6f2a6febbd413ddec39b3dc592f5a4aa0aff28098"},
    {file = "websockets-14.1-pp310-pypy310_pp73-manylinux_2_5_i686.manylinux1_i686.manylinux_2_17_i686.manylinux2014_i686.whl", hash = "sha256:034feb9f4286476f273b9a245fb15f02c34d9586a5bc936aff108c3ba1b21beb"},
    {file = "websockets-14.1-pp310-pypy310_pp73-manylinux_2_5_x86_64.manylinux1_x86_64.manylinux_2_17_x86_64.manylinux2014_x86_64.whl", hash = "sha256:660c308dabd2b380807ab64b62985eaccf923a78ebc572bd485375b9ca2b7dc7"},
    {file = "websockets-14.1-pp310-pypy310_pp73-win_amd64.whl", hash = "sha256:5a42d3ecbb2db5080fc578314439b1d79eef71d323dc661aa616fb492436af5d"},
    {file = "websockets-14.1-pp39-pypy39_pp73-macosx_10_15_x86_64.whl", hash = "sha256:ddaa4a390af911da6f680be8be4ff5aaf31c4c834c1a9147bc21cbcbca2d4370"},
    {file = "websockets-14.1-pp39-pypy39_pp73-macosx_11_0_arm64.whl", hash = "sha256:a4c805c6034206143fbabd2d259ec5e757f8b29d0a2f0bf3d2fe5d1f60147a4a"},
    {file = "websockets-14.1-pp39-pypy39_pp73-manylinux_2_17_aarch64.manylinux2014_aarch64.whl", hash = "sha256:205f672a6c2c671a86d33f6d47c9b35781a998728d2c7c2a3e1cf3333fcb62b7"},
    {file = "websockets-14.1-pp39-pypy39_pp73-manylinux_2_5_i686.manylinux1_i686.manylinux_2_17_i686.manylinux2014_i686.whl", hash = "sha256:5ef440054124728cc49b01c33469de06755e5a7a4e83ef61934ad95fc327fbb0"},
    {file = "websockets-14.1-pp39-pypy39_pp73-manylinux_2_5_x86_64.manylinux1_x86_64.manylinux_2_17_x86_64.manylinux2014_x86_64.whl", hash = "sha256:e7591d6f440af7f73c4bd9404f3772bfee064e639d2b6cc8c94076e71b2471c1"},
    {file = "websockets-14.1-pp39-pypy39_pp73-win_amd64.whl", hash = "sha256:25225cc79cfebc95ba1d24cd3ab86aaa35bcd315d12fa4358939bd55e9bd74a5"},
    {file = "websockets-14.1-py3-none-any.whl", hash = "sha256:4d4fc827a20abe6d544a119896f6b78ee13fe81cbfef416f3f2ddf09a03f0e2e"},
    {file = "websockets-14.1.tar.gz", hash = "sha256:398b10c77d471c0aab20a845e7a60076b6390bfdaac7a6d2edb0d2c59d75e8d8"},
]

[metadata]
lock-version = "2.0"
python-versions = "^3.11"
content-hash = "7257245cd67f5d427af40cc82805288cd900b1b232f9bf252ff9346d0f778acb"
